
Microsoft Visual Studio Solution File, Format Version 12.00
# Visual Studio Version 17
VisualStudioVersion = 17.0.32014.148
MinimumVisualStudioVersion = 10.0.40219.1
Project("{FAE04EC0-301F-11D3-BF4B-00C04F79EFBC}") = "Bingo.Console", "Bingo.Console\Bingo.Console.csproj", "{475AE283-5B7D-4D86-8ABF-45AB1EEFB1CE}"
EndProject
Global
	GlobalSection(SolutionConfigurationPlatforms) = preSolution
		Debug|Any CPU = Debug|Any CPU
		Release|Any CPU = Release|Any CPU
	EndGlobalSection
	GlobalSection(ProjectConfigurationPlatforms) = postSolution
		{475AE283-5B7D-4D86-8ABF-45AB1EEFB1CE}.Debug|Any CPU.ActiveCfg = Debug|Any CPU
		{475AE283-5B7D-4D86-8ABF-45AB1EEFB1CE}.Debug|Any CPU.Build.0 = Debug|Any CPU
		{475AE283-5B7D-4D86-8ABF-45AB1EEFB1CE}.Release|Any CPU.ActiveCfg = Release|Any CPU
		{475AE283-5B7D-4D86-8ABF-45AB1EEFB1CE}.Release|Any CPU.Build.0 = Release|Any CPU
	EndGlobalSection
	GlobalSection(SolutionProperties) = preSolution
		HideSolutionNode = FALSE
	EndGlobalSection
	GlobalSection(ExtensibilityGlobals) = postSolution
		SolutionGuid = {04377371-2F43-4886-9993-5AB6E5909923}
	EndGlobalSection
EndGlobal
